{
  "version": "5",
  "specifiers": {
    "jsr:@david/code-block-writer@^13.0.3": "13.0.3",
    "jsr:@deno/dnt@~0.42.3": "0.42.3",
    "jsr:@std/assert@1": "1.0.19",
    "jsr:@std/fmt@1": "1.0.9",
    "jsr:@std/fs@1": "1.0.21",
    "jsr:@std/internal@^1.0.12": "1.0.12",
    "jsr:@std/path@1": "1.1.4",
    "jsr:@std/path@^1.1.4": "1.1.4",
    "jsr:@ts-morph/bootstrap@0.27": "0.27.0",
    "jsr:@ts-morph/common@0.27": "0.27.0",
    "npm:@biomejs/biome@^2.3.14": "2.3.14",
    "npm:@testing-library/react@15": "15.0.7_@types+react@18.3.28_react@18.3.1_react-dom@18.3.1__react@18.3.1",
    "npm:@types/react@18": "18.3.28",
    "npm:date-fns@^4.1.0": "4.1.0",
    "npm:effect@3": "3.19.16",
    "npm:fast-equals@6": "6.0.0",
    "npm:happy-dom@17": "17.6.3",
    "npm:lit@3": "3.3.2",
    "npm:react-dom@18": "18.3.1_react@18.3.1",
    "npm:react@18": "18.3.1"
  },
  "jsr": {
    "@david/code-block-writer@13.0.3": {
      "integrity": "f98c77d320f5957899a61bfb7a9bead7c6d83ad1515daee92dbacc861e13bb7f"
    },
    "@deno/dnt@0.42.3": {
      "integrity": "62a917a0492f3c8af002dce90605bb0d41f7d29debc06aca40dba72ab65d8ae3",
      "dependencies": [
        "jsr:@david/code-block-writer",
        "jsr:@std/fmt",
        "jsr:@std/fs",
        "jsr:@std/path@1",
        "jsr:@ts-morph/bootstrap"
      ]
    },
    "@std/assert@1.0.19": {
      "integrity": "eaada96ee120cb980bc47e040f82814d786fe8162ecc53c91d8df60b8755991e",
      "dependencies": [
        "jsr:@std/internal"
      ]
    },
    "@std/fmt@1.0.9": {
      "integrity": "2487343e8899fb2be5d0e3d35013e54477ada198854e52dd05ed0422eddcabe0"
    },
    "@std/fs@1.0.21": {
      "integrity": "d720fe1056d78d43065a4d6e0eeb2b19f34adb8a0bc7caf3a4dbf1d4178252cd",
      "dependencies": [
        "jsr:@std/internal",
        "jsr:@std/path@^1.1.4"
      ]
    },
    "@std/internal@1.0.12": {
      "integrity": "972a634fd5bc34b242024402972cd5143eac68d8dffaca5eaa4dba30ce17b027"
    },
    "@std/path@1.1.4": {
      "integrity": "1d2d43f39efb1b42f0b1882a25486647cb851481862dc7313390b2bb044314b5",
      "dependencies": [
        "jsr:@std/internal"
      ]
    },
    "@ts-morph/bootstrap@0.27.0": {
      "integrity": "b8d7bc8f7942ce853dde4161b28f9aa96769cef3d8eebafb379a81800b9e2448",
      "dependencies": [
        "jsr:@ts-morph/common"
      ]
    },
    "@ts-morph/common@0.27.0": {
      "integrity": "c7b73592d78ce8479b356fd4f3d6ec3c460d77753a8680ff196effea7a939052",
      "dependencies": [
        "jsr:@std/fs",
        "jsr:@std/path@1"
      ]
    }
  },
  "npm": {
    "@babel/code-frame@7.29.0": {
      "integrity": "sha512-9NhCeYjq9+3uxgdtp20LSiJXJvN0FeCtNGpJxuMFZ1Kv3cWUNb6DOhJwUvcVCzKGR66cw4njwM6hrJLqgOwbcw==",
      "dependencies": [
        "@babel/helper-validator-identifier",
        "js-tokens",
        "picocolors"
      ]
    },
    "@babel/helper-validator-identifier@7.28.5": {
      "integrity": "sha512-qSs4ifwzKJSV39ucNjsvc6WVHs6b7S03sOh2OcHF9UHfVPqWWALUsNUVzhSBiItjRZoLHx7nIarVjqKVusUZ1Q=="
    },
    "@babel/runtime@7.29.2": {
      "integrity": "sha512-JiDShH45zKHWyGe4ZNVRrCjBz8Nh9TMmZG1kh4QTK8hCBTWBi8Da+i7s1fJw7/lYpM4ccepSNfqzZ/QvABBi5g=="
    },
    "@biomejs/biome@2.3.14": {
      "integrity": "sha512-QMT6QviX0WqXJCaiqVMiBUCr5WRQ1iFSjvOLoTk6auKukJMvnMzWucXpwZB0e8F00/1/BsS9DzcKgWH+CLqVuA==",
      "optionalDependencies": [
        "@biomejs/cli-darwin-arm64",
        "@biomejs/cli-darwin-x64",
        "@biomejs/cli-linux-arm64",
        "@biomejs/cli-linux-arm64-musl",
        "@biomejs/cli-linux-x64",
        "@biomejs/cli-linux-x64-musl",
        "@biomejs/cli-win32-arm64",
        "@biomejs/cli-win32-x64"
      ],
      "bin": true
    },
    "@biomejs/cli-darwin-arm64@2.3.14": {
      "integrity": "sha512-UJGPpvWJMkLxSRtpCAKfKh41Q4JJXisvxZL8ChN1eNW3m/WlPFJ6EFDCE7YfUb4XS8ZFi3C1dFpxUJ0Ety5n+A==",
      "os": ["darwin"],
      "cpu": ["arm64"]
    },
    "@biomejs/cli-darwin-x64@2.3.14": {
      "integrity": "sha512-PNkLNQG6RLo8lG7QoWe/hhnMxJIt1tEimoXpGQjwS/dkdNiKBLPv4RpeQl8o3s1OKI3ZOR5XPiYtmbGGHAOnLA==",
      "os": ["darwin"],
      "cpu": ["x64"]
    },
    "@biomejs/cli-linux-arm64-musl@2.3.14": {
      "integrity": "sha512-LInRbXhYujtL3sH2TMCH/UBwJZsoGwfQjBrMfl84CD4hL/41C/EU5mldqf1yoFpsI0iPWuU83U+nB2TUUypWeg==",
      "os": ["linux"],
      "cpu": ["arm64"]
    },
    "@biomejs/cli-linux-arm64@2.3.14": {
      "integrity": "sha512-KT67FKfzIw6DNnUNdYlBg+eU24Go3n75GWK6NwU4+yJmDYFe9i/MjiI+U/iEzKvo0g7G7MZqoyrhIYuND2w8QQ==",
      "os": ["linux"],
      "cpu": ["arm64"]
    },
    "@biomejs/cli-linux-x64-musl@2.3.14": {
      "integrity": "sha512-KQU7EkbBBuHPW3/rAcoiVmhlPtDSGOGRPv9js7qJVpYTzjQmVR+C9Rfcz+ti8YCH+zT1J52tuBybtP4IodjxZQ==",
      "os": ["linux"],
      "cpu": ["x64"]
    },
    "@biomejs/cli-linux-x64@2.3.14": {
      "integrity": "sha512-ZsZzQsl9U+wxFrGGS4f6UxREUlgHwmEfu1IrXlgNFrNnd5Th6lIJr8KmSzu/+meSa9f4rzFrbEW9LBBA6ScoMA==",
      "os": ["linux"],
      "cpu": ["x64"]
    },
    "@biomejs/cli-win32-arm64@2.3.14": {
      "integrity": "sha512-+IKYkj/pUBbnRf1G1+RlyA3LWiDgra1xpS7H2g4BuOzzRbRB+hmlw0yFsLprHhbbt7jUzbzAbAjK/Pn0FDnh1A==",
      "os": ["win32"],
      "cpu": ["arm64"]
    },
    "@biomejs/cli-win32-x64@2.3.14": {
      "integrity": "sha512-oizCjdyQ3WJEswpb3Chdngeat56rIdSYK12JI3iI11Mt5T5EXcZ7WLuowzEaFPNJ3zmOQFliMN8QY1Pi+qsfdQ==",
      "os": ["win32"],
      "cpu": ["x64"]
    },
    "@lit-labs/ssr-dom-shim@1.5.1": {
      "integrity": "sha512-Aou5UdlSpr5whQe8AA/bZG0jMj96CoJIWbGfZ91qieWu5AWUMKw8VR/pAkQkJYvBNhmCcWnZlyyk5oze8JIqYA=="
    },
    "@lit/reactive-element@2.1.2": {
      "integrity": "sha512-pbCDiVMnne1lYUIaYNN5wrwQXDtHaYtg7YEFPeW+hws6U47WeFvISGUWekPGKWOP1ygrs0ef0o1VJMk1exos5A==",
      "dependencies": [
        "@lit-labs/ssr-dom-shim"
      ]
    },
    "@standard-schema/spec@1.1.0": {
      "integrity": "sha512-l2aFy5jALhniG5HgqrD6jXLi/rUWrKvqN/qJx6yoJsgKhblVd+iqqU4RCXavm/jPityDo5TCvKMnpjKnOriy0w=="
    },
    "@testing-library/dom@10.4.1": {
      "integrity": "sha512-o4PXJQidqJl82ckFaXUeoAW+XysPLauYI43Abki5hABd853iMhitooc6znOnczgbTYmEP6U6/y1ZyKAIsvMKGg==",
      "dependencies": [
        "@babel/code-frame",
        "@babel/runtime",
        "@types/aria-query",
        "aria-query",
        "dom-accessibility-api",
        "lz-string",
        "picocolors",
        "pretty-format"
      ]
    },
    "@testing-library/react@15.0.7_@types+react@18.3.28_react@18.3.1_react-dom@18.3.1__react@18.3.1": {
      "integrity": "sha512-cg0RvEdD1TIhhkm1IeYMQxrzy0MtUNfa3minv4MjbgcYzJAZ7yD0i0lwoPOTPr+INtiXFezt2o8xMSnyHhEn2Q==",
      "dependencies": [
        "@babel/runtime",
        "@testing-library/dom",
        "@types/react",
        "@types/react-dom",
        "react",
        "react-dom"
      ],
      "optionalPeers": [
        "@types/react"
      ]
    },
    "@types/aria-query@5.0.4": {
      "integrity": "sha512-rfT93uj5s0PRL7EzccGMs3brplhcrghnDoV26NqKhCAS1hVo+WdNsPvE/yb6ilfr5hi2MEk6d5EWJTKdxg8jVw=="
    },
    "@types/prop-types@15.7.15": {
      "integrity": "sha512-F6bEyamV9jKGAFBEmlQnesRPGOQqS2+Uwi0Em15xenOxHaf2hv6L8YCVn3rPdPJOiJfPiCnLIRyvwVaqMY3MIw=="
    },
    "@types/react-dom@18.3.7_@types+react@18.3.28": {
      "integrity": "sha512-MEe3UeoENYVFXzoXEWsvcpg6ZvlrFNlOQ7EOsvhI3CfAXwzPfO8Qwuxd40nepsYKqyyVQnTdEfv68q91yLcKrQ==",
      "dependencies": [
        "@types/react"
      ]
    },
    "@types/react@18.3.28": {
      "integrity": "sha512-z9VXpC7MWrhfWipitjNdgCauoMLRdIILQsAEV+ZesIzBq/oUlxk0m3ApZuMFCXdnS4U7KrI+l3WRUEGQ8K1QKw==",
      "dependencies": [
        "@types/prop-types",
        "csstype"
      ]
    },
    "@types/trusted-types@2.0.7": {
      "integrity": "sha512-ScaPdn1dQczgbl0QFTeTOmVHFULt394XJgOQNoyVhZ6r2vLnMLJfBPd53SB52T/3G36VI1/g2MZaX0cwDuXsfw=="
    },
    "ansi-regex@5.0.1": {
      "integrity": "sha512-quJQXlTSUGL2LH9SUXo8VwsY4soanhgo6LNSm84E1LBcE8s3O0wpdiRzyR9z/ZZJMlMWv37qOOb9pdJlMUEKFQ=="
    },
    "ansi-styles@5.2.0": {
      "integrity": "sha512-Cxwpt2SfTzTtXcfOlzGEee8O+c+MmUgGrNiBcXnuWxuFJHe6a5Hz7qwhwe5OgaSYI0IJvkLqWX1ASG+cJOkEiA=="
    },
    "aria-query@5.3.0": {
      "integrity": "sha512-b0P0sZPKtyu8HkeRAfCq0IfURZK+SuwMjY1UXGBU27wpAiTwQAIlq56IbIO+ytk/JjS1fMR14ee5WBBfKi5J6A==",
      "dependencies": [
        "dequal"
      ]
    },
    "csstype@3.2.3": {
      "integrity": "sha512-z1HGKcYy2xA8AGQfwrn0PAy+PB7X/GSj3UVJW9qKyn43xWa+gl5nXmU4qqLMRzWVLFC8KusUX8T/0kCiOYpAIQ=="
    },
    "date-fns@4.1.0": {
      "integrity": "sha512-Ukq0owbQXxa/U3EGtsdVBkR1w7KOQ5gIBqdH2hkvknzZPYvBxb/aa6E8L7tmjFtkwZBu3UXBbjIgPo/Ez4xaNg=="
    },
    "dequal@2.0.3": {
      "integrity": "sha512-0je+qPKHEMohvfRTCEo3CrPG6cAzAYgmzKyxRiYSSDkS6eGJdyVJm7WaYA5ECaAD9wLB2T4EEeymA5aFVcYXCA=="
    },
    "dom-accessibility-api@0.5.16": {
      "integrity": "sha512-X7BJ2yElsnOJ30pZF4uIIDfBEVgF4XEBxL9Bxhy6dnrm5hkzqmsWHGTiHqRiITNhMyFLyAiWndIJP7Z1NTteDg=="
    },
    "effect@3.19.16": {
      "integrity": "sha512-7+XC3vGrbAhCHd8LTFHvnZjRpZKZ8YHRZqJTkpNoxcJ2mCyNs2SwI+6VkV/ij8Y3YW7wfBN4EbU06/F5+m/wkQ==",
      "dependencies": [
        "@standard-schema/spec",
        "fast-check"
      ]
    },
    "fast-check@3.23.2": {
      "integrity": "sha512-h5+1OzzfCC3Ef7VbtKdcv7zsstUQwUDlYpUTvjeUsJAssPgLn7QzbboPtL5ro04Mq0rPOsMzl7q5hIbRs2wD1A==",
      "dependencies": [
        "pure-rand"
      ]
    },
    "fast-equals@6.0.0": {
      "integrity": "sha512-PFhhIGgdM79r5Uztdj9Zb6Tt1zKafqVfdMGwVca1z5z6fbX7DmsySSuJd8HiP6I1j505DCS83cLxo5rmSNeVEA=="
    },
    "happy-dom@17.6.3": {
      "integrity": "sha512-UVIHeVhxmxedbWPCfgS55Jg2rDfwf2BCKeylcPSqazLz5w3Kri7Q4xdBJubsr/+VUzFLh0VjIvh13RaDA2/Xug==",
      "dependencies": [
        "webidl-conversions",
        "whatwg-mimetype"
      ]
    },
    "js-tokens@4.0.0": {
      "integrity": "sha512-RdJUflcE3cUzKiMqQgsCu06FPu9UdIJO0beYbPhHN4k6apgJtifcoCtT9bcxOpYBtpD2kCM6Sbzg4CausW/PKQ=="
    },
    "lit-element@4.2.2": {
      "integrity": "sha512-aFKhNToWxoyhkNDmWZwEva2SlQia+jfG0fjIWV//YeTaWrVnOxD89dPKfigCUspXFmjzOEUQpOkejH5Ly6sG0w==",
      "dependencies": [
        "@lit-labs/ssr-dom-shim",
        "@lit/reactive-element",
        "lit-html"
      ]
    },
    "lit-html@3.3.2": {
      "integrity": "sha512-Qy9hU88zcmaxBXcc10ZpdK7cOLXvXpRoBxERdtqV9QOrfpMZZ6pSYP91LhpPtap3sFMUiL7Tw2RImbe0Al2/kw==",
      "dependencies": [
        "@types/trusted-types"
      ]
    },
    "lit@3.3.2": {
      "integrity": "sha512-NF9zbsP79l4ao2SNrH3NkfmFgN/hBYSQo90saIVI1o5GpjAdCPVstVzO1MrLOakHoEhYkrtRjPK6Ob521aoYWQ==",
      "dependencies": [
        "@lit/reactive-element",
        "lit-element",
        "lit-html"
      ]
    },
    "loose-envify@1.4.0": {
      "integrity": "sha512-lyuxPGr/Wfhrlem2CL/UcnUc1zcqKAImBDzukY7Y5F/yQiNdko6+fRLevlw1HgMySw7f611UIY408EtxRSoK3Q==",
      "dependencies": [
        "js-tokens"
      ],
      "bin": true
    },
    "lz-string@1.5.0": {
      "integrity": "sha512-h5bgJWpxJNswbU7qCrV0tIKQCaS3blPDrqKWx+QxzuzL1zGUzij9XCWLrSLsJPu5t+eWA/ycetzYAO5IOMcWAQ==",
      "bin": true
    },
    "picocolors@1.1.1": {
      "integrity": "sha512-xceH2snhtb5M9liqDsmEw56le376mTZkEX/jEb/RxNFyegNul7eNslCXP9FDj/Lcu0X8KEyMceP2ntpaHrDEVA=="
    },
    "pretty-format@27.5.1": {
      "integrity": "sha512-Qb1gy5OrP5+zDf2Bvnzdl3jsTf1qXVMazbvCoKhtKqVs4/YK4ozX4gKQJJVyNe+cajNPn0KoC0MC3FUmaHWEmQ==",
      "dependencies": [
        "ansi-regex",
        "ansi-styles",
        "react-is"
      ]
    },
    "pure-rand@6.1.0": {
      "integrity": "sha512-bVWawvoZoBYpp6yIoQtQXHZjmz35RSVHnUOTefl8Vcjr8snTPY1wnpSPMWekcFwbxI6gtmT7rSYPFvz71ldiOA=="
    },
    "react-dom@18.3.1_react@18.3.1": {
      "integrity": "sha512-5m4nQKp+rZRb09LNH59GM4BxTh9251/ylbKIbpe7TpGxfJ+9kv6BLkLBXIjjspbgbnIBNqlI23tRnTWT0snUIw==",
      "dependencies": [
        "loose-envify",
        "react",
        "scheduler"
      ]
    },
    "react-is@17.0.2": {
      "integrity": "sha512-w2GsyukL62IJnlaff/nRegPQR94C/XXamvMWmSHRJ4y7Ts/4ocGRmTHvOs8PSE6pB3dWOrD/nueuU5sduBsQ4w=="
    },
    "react@18.3.1": {
      "integrity": "sha512-wS+hAgJShR0KhEvPJArfuPVN1+Hz1t0Y6n5jLrGQbkb4urgPE/0Rve+1kMB1v/oWgHgm4WIcV+i7F2pTVj+2iQ==",
      "dependencies": [
        "loose-envify"
      ]
    },
    "scheduler@0.23.2": {
      "integrity": "sha512-UOShsPwz7NrMUqhR6t0hWjFduvOzbtv7toDH1/hIrfRNIDBnnBWd0CwJTGvTpngVlmwGCdP9/Zl/tVrDqcuYzQ==",
      "dependencies": [
        "loose-envify"
      ]
    },
    "webidl-conversions@7.0.0": {
      "integrity": "sha512-VwddBukDzu71offAQR975unBIGqfKZpM+8ZX6ySk8nYhVoo5CYaZyzt3YBvYtRtO+aoGlqxPg/B87NGVZ/fu6g=="
    },
    "whatwg-mimetype@3.0.0": {
      "integrity": "sha512-nt+N2dzIutVRxARx1nghPKGv1xHikU7HKdfafKkLNLindmPU/ch3U31NOCGGA/dmPcmb1VlofO0vnKAcsm0o/Q=="
    }
  },
  "workspace": {
    "dependencies": [
      "jsr:@deno/dnt@~0.42.3",
      "jsr:@std/assert@1",
      "npm:@testing-library/react@15",
      "npm:@types/react@18",
      "npm:date-fns@^4.1.0",
      "npm:effect@3",
      "npm:fast-equals@6",
      "npm:happy-dom@17",
      "npm:lit@3",
      "npm:react-dom@18",
      "npm:react@18"
    ],
    "packageJson": {
      "dependencies": [
        "npm:@biomejs/biome@^2.3.14"
      ]
    }
  }
}
